
Microsoft Visual Studio Solution File, Format Version 12.00
# Visual Studio Version 17
VisualStudioVersion = 17.4.33205.214
MinimumVisualStudioVersion = 10.0.40219.1
Project("{FAE04EC0-301F-11D3-BF4B-00C04F79EFBC}") = "ColorByNumber", "ColorByNumber.csproj", "{C836896B-6308-4A68-BA6F-45DD17E11AA8}"
EndProject
Global
	GlobalSection(SolutionConfigurationPlatforms) = preSolution
		Debug|Any CPU = Debug|Any CPU
		Release|Any CPU = Release|Any CPU
	EndGlobalSection
	GlobalSection(ProjectConfigurationPlatforms) = postSolution
		{C836896B-6308-4A68-BA6F-45DD17E11AA8}.Debug|Any CPU.ActiveCfg = Debug|Any CPU
		{C836896B-6308-4A68-BA6F-45DD17E11AA8}.Debug|Any CPU.Build.0 = Debug|Any CPU
		{C836896B-6308-4A68-BA6F-45DD17E11AA8}.Release|Any CPU.ActiveCfg = Release|Any CPU
		{C836896B-6308-4A68-BA6F-45DD17E11AA8}.Release|Any CPU.Build.0 = Release|Any CPU
	EndGlobalSection
	GlobalSection(SolutionProperties) = preSolution
		HideSolutionNode = FALSE
	EndGlobalSection
	GlobalSection(ExtensibilityGlobals) = postSolution
		SolutionGuid = {04D33EE3-269D-413C-AAC8-A0A403CA0290}
	EndGlobalSection
EndGlobal
